// !$*UTF8*$!
{
	archiveVersion = 1;
	classes = {
	};
	objectVersion = 56;
	objects = {

/* Begin PBXBuildFile section */
		DD3B30222D3A71C800836FF4 /* CoreDataManager.swift in Sources */ = {isa = PBXBuildFile; fileRef = DD3B30212D3A71C800836FF4 /* CoreDataManager.swift */; };
		DD3B30272D3A798A00836FF4 /* PlaylistEntity+CoreDataClass.swift in Sources */ = {isa = PBXBuildFile; fileRef = DD3B30232D3A798A00836FF4 /* PlaylistEntity+CoreDataClass.swift */; };
		DD3B30282D3A798A00836FF4 /* PlaylistEntity+CoreDataProperties.swift in Sources */ = {isa = PBXBuildFile; fileRef = DD3B30242D3A798A00836FF4 /* PlaylistEntity+CoreDataProperties.swift */; };
		DD3B30292D3A798A00836FF4 /* Song+CoreDataClass.swift in Sources */ = {isa = PBXBuildFile; fileRef = DD3B30252D3A798A00836FF4 /* Song+CoreDataClass.swift */; };
		DD3B302A2D3A798A00836FF4 /* Song+CoreDataProperties.swift in Sources */ = {isa = PBXBuildFile; fileRef = DD3B30262D3A798A00836FF4 /* Song+CoreDataProperties.swift */; };
		DD47CE0F2D2841A90033D531 /* LibraryViewContoller.swift in Sources */ = {isa = PBXBuildFile; fileRef = DD47CE0E2D2841A90033D531 /* LibraryViewContoller.swift */; };
		DD47CE122D2849A70033D531 /* AlbumViewCell.xib in Resources */ = {isa = PBXBuildFile; fileRef = DD47CE112D2849A70033D531 /* AlbumViewCell.xib */; };
		DD47CE132D2849A70033D531 /* AlbumViewCell.swift in Sources */ = {isa = PBXBuildFile; fileRef = DD47CE102D2849A70033D531 /* AlbumViewCell.swift */; };
		DD47CE162D2854FE0033D531 /* AlbumModelResponse.swift in Sources */ = {isa = PBXBuildFile; fileRef = DD47CE152D2854FE0033D531 /* AlbumModelResponse.swift */; };
		DD47CE192D2855930033D531 /* NetworkManager.swift in Sources */ = {isa = PBXBuildFile; fileRef = DD47CE182D2855930033D531 /* NetworkManager.swift */; };
		DD47CE1B2D2857690033D531 /* AlbumService.swift in Sources */ = {isa = PBXBuildFile; fileRef = DD47CE1A2D2857690033D531 /* AlbumService.swift */; };
		DD7AD1D72D37810C00F43E9A /* CustomNavigationBar.swift in Sources */ = {isa = PBXBuildFile; fileRef = DD7AD1D62D37810C00F43E9A /* CustomNavigationBar.swift */; };
		DDA903272D2B9C8E00BE8DC7 /* SearchViewModel.swift in Sources */ = {isa = PBXBuildFile; fileRef = DDA903262D2B9C8E00BE8DC7 /* SearchViewModel.swift */; };
		DDA9032A2D2BED2C00BE8DC7 /* LibraryViewCell.swift in Sources */ = {isa = PBXBuildFile; fileRef = DDA903282D2BED2C00BE8DC7 /* LibraryViewCell.swift */; };
		DDA9032B2D2BED2C00BE8DC7 /* LibraryViewCell.xib in Resources */ = {isa = PBXBuildFile; fileRef = DDA903292D2BED2C00BE8DC7 /* LibraryViewCell.xib */; };
		DDA9032E2D2BF74500BE8DC7 /* CreatePlaylistController.swift in Sources */ = {isa = PBXBuildFile; fileRef = DDA9032C2D2BF74500BE8DC7 /* CreatePlaylistController.swift */; };
		DDA9032F2D2BF74500BE8DC7 /* CreatePlaylistController.xib in Resources */ = {isa = PBXBuildFile; fileRef = DDA9032D2D2BF74500BE8DC7 /* CreatePlaylistController.xib */; };
		DDBE5EAA2D39508C0077E031 /* PopupViewController.swift in Sources */ = {isa = PBXBuildFile; fileRef = DDBE5EA82D39508C0077E031 /* PopupViewController.swift */; };
		DDBE5EAB2D39508C0077E031 /* PopupViewController.xib in Resources */ = {isa = PBXBuildFile; fileRef = DDBE5EA92D39508C0077E031 /* PopupViewController.xib */; };
		DDCB09252D33AEBC00C309E3 /* Spotify.xcdatamodeld in Sources */ = {isa = PBXBuildFile; fileRef = DDCB09232D33AEBC00C309E3 /* Spotify.xcdatamodeld */; };
		DDDD5B4D2D0956930060FC61 /* AppDelegate.swift in Sources */ = {isa = PBXBuildFile; fileRef = DDDD5B4C2D0956930060FC61 /* AppDelegate.swift */; };
		DDDD5B4F2D0956930060FC61 /* SceneDelegate.swift in Sources */ = {isa = PBXBuildFile; fileRef = DDDD5B4E2D0956930060FC61 /* SceneDelegate.swift */; };
		DDDD5B512D0956930060FC61 /* ViewController.swift in Sources */ = {isa = PBXBuildFile; fileRef = DDDD5B502D0956930060FC61 /* ViewController.swift */; };
		DDDD5B542D0956930060FC61 /* Base in Resources */ = {isa = PBXBuildFile; fileRef = DDDD5B532D0956930060FC61 /* Base */; };
		DDDD5B562D0956950060FC61 /* Assets.xcassets in Resources */ = {isa = PBXBuildFile; fileRef = DDDD5B552D0956950060FC61 /* Assets.xcassets */; };
		DDDD5B592D0956950060FC61 /* Base in Resources */ = {isa = PBXBuildFile; fileRef = DDDD5B582D0956950060FC61 /* Base */; };
		DDF99E982D3FD9300077E5C3 /* AddPlaylistViewController.xib in Resources */ = {isa = PBXBuildFile; fileRef = DDF99E972D3FD9300077E5C3 /* AddPlaylistViewController.xib */; };
		DDF99E992D3FD9300077E5C3 /* AddPlaylistViewController.swift in Sources */ = {isa = PBXBuildFile; fileRef = DDF99E962D3FD9300077E5C3 /* AddPlaylistViewController.swift */; };
		DDF99E9B2D3FDB6D0077E5C3 /* CheckBox.swift in Sources */ = {isa = PBXBuildFile; fileRef = DDF99E9A2D3FDB6D0077E5C3 /* CheckBox.swift */; };
		DDFE173D2D2A1CB3009D1DFA /* HomeViewModel.swift in Sources */ = {isa = PBXBuildFile; fileRef = DDFE173C2D2A1CB3009D1DFA /* HomeViewModel.swift */; };
		DDFE17402D2A3298009D1DFA /* ImageExtension.swift in Sources */ = {isa = PBXBuildFile; fileRef = DDFE173F2D2A3298009D1DFA /* ImageExtension.swift */; };
		DDFE17422D2AE1B8009D1DFA /* MusicService.swift in Sources */ = {isa = PBXBuildFile; fileRef = DDFE17412D2AE1B7009D1DFA /* MusicService.swift */; };
		DDFE17442D2AE2A9009D1DFA /* SearchViewController.swift in Sources */ = {isa = PBXBuildFile; fileRef = DDFE17432D2AE2A9009D1DFA /* SearchViewController.swift */; };
		DDFE287E2D350AED0022640C /* DetailPlaylistViewController.swift in Sources */ = {isa = PBXBuildFile; fileRef = DDFE287C2D350AED0022640C /* DetailPlaylistViewController.swift */; };
		DDFE287F2D350AED0022640C /* DetailPlaylistViewController.xib in Resources */ = {isa = PBXBuildFile; fileRef = DDFE287D2D350AED0022640C /* DetailPlaylistViewController.xib */; };
		DDFE28822D3553EA0022640C /* MusicPlayViewController.swift in Sources */ = {isa = PBXBuildFile; fileRef = DDFE28802D3553EA0022640C /* MusicPlayViewController.swift */; };
		DDFE28832D3553EA0022640C /* MusicPlayViewController.xib in Resources */ = {isa = PBXBuildFile; fileRef = DDFE28812D3553EA0022640C /* MusicPlayViewController.xib */; };
/* End PBXBuildFile section */

/* Begin PBXFileReference section */
		DD3B30212D3A71C800836FF4 /* CoreDataManager.swift */ = {isa = PBXFileReference; lastKnownFileType = sourcecode.swift; path = CoreDataManager.swift; sourceTree = "<group>"; };
		DD3B30232D3A798A00836FF4 /* PlaylistEntity+CoreDataClass.swift */ = {isa = PBXFileReference; lastKnownFileType = sourcecode.swift; path = "PlaylistEntity+CoreDataClass.swift"; sourceTree = "<group>"; };
		DD3B30242D3A798A00836FF4 /* PlaylistEntity+CoreDataProperties.swift */ = {isa = PBXFileReference; lastKnownFileType = sourcecode.swift; path = "PlaylistEntity+CoreDataProperties.swift"; sourceTree = "<group>"; };
		DD3B30252D3A798A00836FF4 /* Song+CoreDataClass.swift */ = {isa = PBXFileReference; lastKnownFileType = sourcecode.swift; path = "Song+CoreDataClass.swift"; sourceTree = "<group>"; };
		DD3B30262D3A798A00836FF4 /* Song+CoreDataProperties.swift */ = {isa = PBXFileReference; lastKnownFileType = sourcecode.swift; path = "Song+CoreDataProperties.swift"; sourceTree = "<group>"; };
		DD47CE0E2D2841A90033D531 /* LibraryViewContoller.swift */ = {isa = PBXFileReference; lastKnownFileType = sourcecode.swift; path = LibraryViewContoller.swift; sourceTree = "<group>"; };
		DD47CE102D2849A70033D531 /* AlbumViewCell.swift */ = {isa = PBXFileReference; lastKnownFileType = sourcecode.swift; path = AlbumViewCell.swift; sourceTree = "<group>"; };
		DD47CE112D2849A70033D531 /* AlbumViewCell.xib */ = {isa = PBXFileReference; lastKnownFileType = file.xib; path = AlbumViewCell.xib; sourceTree = "<group>"; };
		DD47CE152D2854FE0033D531 /* AlbumModelResponse.swift */ = {isa = PBXFileReference; lastKnownFileType = sourcecode.swift; path = AlbumModelResponse.swift; sourceTree = "<group>"; };
		DD47CE182D2855930033D531 /* NetworkManager.swift */ = {isa = PBXFileReference; lastKnownFileType = sourcecode.swift; path = NetworkManager.swift; sourceTree = "<group>"; };
		DD47CE1A2D2857690033D531 /* AlbumService.swift */ = {isa = PBXFileReference; lastKnownFileType = sourcecode.swift; path = AlbumService.swift; sourceTree = "<group>"; };
		DD7AD1D62D37810C00F43E9A /* CustomNavigationBar.swift */ = {isa = PBXFileReference; lastKnownFileType = sourcecode.swift; path = CustomNavigationBar.swift; sourceTree = "<group>"; };
		DDA903262D2B9C8E00BE8DC7 /* SearchViewModel.swift */ = {isa = PBXFileReference; lastKnownFileType = sourcecode.swift; path = SearchViewModel.swift; sourceTree = "<group>"; };
		DDA903282D2BED2C00BE8DC7 /* LibraryViewCell.swift */ = {isa = PBXFileReference; lastKnownFileType = sourcecode.swift; path = LibraryViewCell.swift; sourceTree = "<group>"; };
		DDA903292D2BED2C00BE8DC7 /* LibraryViewCell.xib */ = {isa = PBXFileReference; lastKnownFileType = file.xib; path = LibraryViewCell.xib; sourceTree = "<group>"; };
		DDA9032C2D2BF74500BE8DC7 /* CreatePlaylistController.swift */ = {isa = PBXFileReference; lastKnownFileType = sourcecode.swift; path = CreatePlaylistController.swift; sourceTree = "<group>"; };
		DDA9032D2D2BF74500BE8DC7 /* CreatePlaylistController.xib */ = {isa = PBXFileReference; lastKnownFileType = file.xib; path = CreatePlaylistController.xib; sourceTree = "<group>"; };
		DDBE5EA82D39508C0077E031 /* PopupViewController.swift */ = {isa = PBXFileReference; lastKnownFileType = sourcecode.swift; path = PopupViewController.swift; sourceTree = "<group>"; };
		DDBE5EA92D39508C0077E031 /* PopupViewController.xib */ = {isa = PBXFileReference; lastKnownFileType = file.xib; path = PopupViewController.xib; sourceTree = "<group>"; };
		DDCB09242D33AEBC00C309E3 /* Spotify.xcdatamodel */ = {isa = PBXFileReference; lastKnownFileType = wrapper.xcdatamodel; path = Spotify.xcdatamodel; sourceTree = "<group>"; };
		DDDD5B492D0956930060FC61 /* Spotify.app */ = {isa = PBXFileReference; explicitFileType = wrapper.application; includeInIndex = 0; path = Spotify.app; sourceTree = BUILT_PRODUCTS_DIR; };
		DDDD5B4C2D0956930060FC61 /* AppDelegate.swift */ = {isa = PBXFileReference; lastKnownFileType = sourcecode.swift; path = AppDelegate.swift; sourceTree = "<group>"; };
		DDDD5B4E2D0956930060FC61 /* SceneDelegate.swift */ = {isa = PBXFileReference; lastKnownFileType = sourcecode.swift; path = SceneDelegate.swift; sourceTree = "<group>"; };
		DDDD5B502D0956930060FC61 /* ViewController.swift */ = {isa = PBXFileReference; lastKnownFileType = sourcecode.swift; path = ViewController.swift; sourceTree = "<group>"; };
		DDDD5B532D0956930060FC61 /* Base */ = {isa = PBXFileReference; lastKnownFileType = file.storyboard; name = Base; path = Base.lproj/Main.storyboard; sourceTree = "<group>"; };
		DDDD5B552D0956950060FC61 /* Assets.xcassets */ = {isa = PBXFileReference; lastKnownFileType = folder.assetcatalog; path = Assets.xcassets; sourceTree = "<group>"; };
		DDDD5B582D0956950060FC61 /* Base */ = {isa = PBXFileReference; lastKnownFileType = file.storyboard; name = Base; path = Base.lproj/LaunchScreen.storyboard; sourceTree = "<group>"; };
		DDDD5B5A2D0956950060FC61 /* Info.plist */ = {isa = PBXFileReference; lastKnownFileType = text.plist.xml; path = Info.plist; sourceTree = "<group>"; };
		DDF99E962D3FD9300077E5C3 /* AddPlaylistViewController.swift */ = {isa = PBXFileReference; lastKnownFileType = sourcecode.swift; path = AddPlaylistViewController.swift; sourceTree = "<group>"; };
		DDF99E972D3FD9300077E5C3 /* AddPlaylistViewController.xib */ = {isa = PBXFileReference; lastKnownFileType = file.xib; path = AddPlaylistViewController.xib; sourceTree = "<group>"; };
		DDF99E9A2D3FDB6D0077E5C3 /* CheckBox.swift */ = {isa = PBXFileReference; lastKnownFileType = sourcecode.swift; path = CheckBox.swift; sourceTree = "<group>"; };
		DDFE173C2D2A1CB3009D1DFA /* HomeViewModel.swift */ = {isa = PBXFileReference; lastKnownFileType = sourcecode.swift; path = HomeViewModel.swift; sourceTree = "<group>"; };
		DDFE173F2D2A3298009D1DFA /* ImageExtension.swift */ = {isa = PBXFileReference; lastKnownFileType = sourcecode.swift; path = ImageExtension.swift; sourceTree = "<group>"; };
		DDFE17412D2AE1B7009D1DFA /* MusicService.swift */ = {isa = PBXFileReference; lastKnownFileType = sourcecode.swift; path = MusicService.swift; sourceTree = "<group>"; };
		DDFE17432D2AE2A9009D1DFA /* SearchViewController.swift */ = {isa = PBXFileReference; lastKnownFileType = sourcecode.swift; path = SearchViewController.swift; sourceTree = "<group>"; };
		DDFE287C2D350AED0022640C /* DetailPlaylistViewController.swift */ = {isa = PBXFileReference; lastKnownFileType = sourcecode.swift; path = DetailPlaylistViewController.swift; sourceTree = "<group>"; };
		DDFE287D2D350AED0022640C /* DetailPlaylistViewController.xib */ = {isa = PBXFileReference; lastKnownFileType = file.xib; path = DetailPlaylistViewController.xib; sourceTree = "<group>"; };
		DDFE28802D3553EA0022640C /* MusicPlayViewController.swift */ = {isa = PBXFileReference; lastKnownFileType = sourcecode.swift; path = MusicPlayViewController.swift; sourceTree = "<group>"; };
		DDFE28812D3553EA0022640C /* MusicPlayViewController.xib */ = {isa = PBXFileReference; lastKnownFileType = file.xib; path = MusicPlayViewController.xib; sourceTree = "<group>"; };
/* End PBXFileReference section */

/* Begin PBXFrameworksBuildPhase section */
		DDDD5B462D0956930060FC61 /* Frameworks */ = {
			isa = PBXFrameworksBuildPhase;
			buildActionMask = 2147483647;
			files = (
			);
			runOnlyForDeploymentPostprocessing = 0;
		};
/* End PBXFrameworksBuildPhase section */

/* Begin PBXGroup section */
		DD1445A02D30A9AB00492AB7 /* LocalData */ = {
			isa = PBXGroup;
			children = (
				DD3B30232D3A798A00836FF4 /* PlaylistEntity+CoreDataClass.swift */,
				DD3B30242D3A798A00836FF4 /* PlaylistEntity+CoreDataProperties.swift */,
				DD3B30252D3A798A00836FF4 /* Song+CoreDataClass.swift */,
				DD3B30262D3A798A00836FF4 /* Song+CoreDataProperties.swift */,
				DDCB09232D33AEBC00C309E3 /* Spotify.xcdatamodeld */,
				DD3B30212D3A71C800836FF4 /* CoreDataManager.swift */,
			);
			path = LocalData;
			sourceTree = "<group>";
		};
		DD47CE0B2D2818E90033D531 /* ViewModels */ = {
			isa = PBXGroup;
			children = (
				DDFE173C2D2A1CB3009D1DFA /* HomeViewModel.swift */,
				DDA903262D2B9C8E00BE8DC7 /* SearchViewModel.swift */,
			);
			path = ViewModels;
			sourceTree = "<group>";
		};
		DD47CE0C2D2818F60033D531 /* Views */ = {
			isa = PBXGroup;
			children = (
				DD47CE102D2849A70033D531 /* AlbumViewCell.swift */,
				DD47CE112D2849A70033D531 /* AlbumViewCell.xib */,
				DDA903282D2BED2C00BE8DC7 /* LibraryViewCell.swift */,
				DDA903292D2BED2C00BE8DC7 /* LibraryViewCell.xib */,
				DD7AD1D62D37810C00F43E9A /* CustomNavigationBar.swift */,
				DDF99E9A2D3FDB6D0077E5C3 /* CheckBox.swift */,
			);
			path = Views;
			sourceTree = "<group>";
		};
		DD47CE0D2D2841720033D531 /* Controllers */ = {
			isa = PBXGroup;
			children = (
				DD47CE0E2D2841A90033D531 /* LibraryViewContoller.swift */,
				DDFE17432D2AE2A9009D1DFA /* SearchViewController.swift */,
				DDDD5B502D0956930060FC61 /* ViewController.swift */,
				DDA9032C2D2BF74500BE8DC7 /* CreatePlaylistController.swift */,
				DDA9032D2D2BF74500BE8DC7 /* CreatePlaylistController.xib */,
				DDFE287C2D350AED0022640C /* DetailPlaylistViewController.swift */,
				DDFE287D2D350AED0022640C /* DetailPlaylistViewController.xib */,
				DDFE28802D3553EA0022640C /* MusicPlayViewController.swift */,
				DDFE28812D3553EA0022640C /* MusicPlayViewController.xib */,
				DDBE5EA82D39508C0077E031 /* PopupViewController.swift */,
				DDBE5EA92D39508C0077E031 /* PopupViewController.xib */,
				DDF99E962D3FD9300077E5C3 /* AddPlaylistViewController.swift */,
				DDF99E972D3FD9300077E5C3 /* AddPlaylistViewController.xib */,
			);
			path = Controllers;
			sourceTree = "<group>";
		};
		DD47CE142D2850CF0033D531 /* Model */ = {
			isa = PBXGroup;
			children = (
				DD47CE152D2854FE0033D531 /* AlbumModelResponse.swift */,
			);
			path = Model;
			sourceTree = "<group>";
		};
		DD47CE172D2855750033D531 /* Services */ = {
			isa = PBXGroup;
			children = (
				DD47CE182D2855930033D531 /* NetworkManager.swift */,
				DD47CE1A2D2857690033D531 /* AlbumService.swift */,
				DDFE17412D2AE1B7009D1DFA /* MusicService.swift */,
			);
			path = Services;
			sourceTree = "<group>";
		};
		DDDD5B402D0956930060FC61 = {
			isa = PBXGroup;
			children = (
				DDDD5B4B2D0956930060FC61 /* Spotify */,
				DDDD5B4A2D0956930060FC61 /* Products */,
			);
			sourceTree = "<group>";
		};
		DDDD5B4A2D0956930060FC61 /* Products */ = {
			isa = PBXGroup;
			children = (
				DDDD5B492D0956930060FC61 /* Spotify.app */,
			);
			name = Products;
			sourceTree = "<group>";
		};
		DDDD5B4B2D0956930060FC61 /* Spotify */ = {
			isa = PBXGroup;
			children = (
				DD1445A02D30A9AB00492AB7 /* LocalData */,
				DDFE173E2D2A327C009D1DFA /* Extension */,
				DD47CE172D2855750033D531 /* Services */,
				DD47CE142D2850CF0033D531 /* Model */,
				DD47CE0D2D2841720033D531 /* Controllers */,
				DD47CE0C2D2818F60033D531 /* Views */,
				DD47CE0B2D2818E90033D531 /* ViewModels */,
				DDDD5B4C2D0956930060FC61 /* AppDelegate.swift */,
				DDDD5B4E2D0956930060FC61 /* SceneDelegate.swift */,
				DDDD5B522D0956930060FC61 /* Main.storyboard */,
				DDDD5B552D0956950060FC61 /* Assets.xcassets */,
				DDDD5B572D0956950060FC61 /* LaunchScreen.storyboard */,
				DDDD5B5A2D0956950060FC61 /* Info.plist */,
			);
			path = Spotify;
			sourceTree = "<group>";
		};
		DDFE173E2D2A327C009D1DFA /* Extension */ = {
			isa = PBXGroup;
			children = (
				DDFE173F2D2A3298009D1DFA /* ImageExtension.swift */,
			);
			path = Extension;
			sourceTree = "<group>";
		};
/* End PBXGroup section */

/* Begin PBXNativeTarget section */
		DDDD5B482D0956930060FC61 /* Spotify */ = {
			isa = PBXNativeTarget;
			buildConfigurationList = DDDD5B5D2D0956950060FC61 /* Build configuration list for PBXNativeTarget "Spotify" */;
			buildPhases = (
				DDDD5B452D0956930060FC61 /* Sources */,
				DDDD5B462D0956930060FC61 /* Frameworks */,
				DDDD5B472D0956930060FC61 /* Resources */,
			);
			buildRules = (
			);
			dependencies = (
			);
			name = Spotify;
			productName = Spotify;
			productReference = DDDD5B492D0956930060FC61 /* Spotify.app */;
			productType = "com.apple.product-type.application";
		};
/* End PBXNativeTarget section */

/* Begin PBXProject section */
		DDDD5B412D0956930060FC61 /* Project object */ = {
			isa = PBXProject;
			attributes = {
				BuildIndependentTargetsInParallel = 1;
				LastSwiftUpdateCheck = 1540;
				LastUpgradeCheck = 1540;
				TargetAttributes = {
					DDDD5B482D0956930060FC61 = {
						CreatedOnToolsVersion = 15.4;
					};
				};
			};
			buildConfigurationList = DDDD5B442D0956930060FC61 /* Build configuration list for PBXProject "Spotify" */;
			compatibilityVersion = "Xcode 14.0";
			developmentRegion = en;
			hasScannedForEncodings = 0;
			knownRegions = (
				en,
				Base,
			);
			mainGroup = DDDD5B402D0956930060FC61;
			productRefGroup = DDDD5B4A2D0956930060FC61 /* Products */;
			projectDirPath = "";
			projectRoot = "";
			targets = (
				DDDD5B482D0956930060FC61 /* Spotify */,
			);
		};
/* End PBXProject section */

/* Begin PBXResourcesBuildPhase section */
		DDDD5B472D0956930060FC61 /* Resources */ = {
			isa = PBXResourcesBuildPhase;
			buildActionMask = 2147483647;
			files = (
				DDA9032B2D2BED2C00BE8DC7 /* LibraryViewCell.xib in Resources */,
				DDDD5B562D0956950060FC61 /* Assets.xcassets in Resources */,
				DDF99E982D3FD9300077E5C3 /* AddPlaylistViewController.xib in Resources */,
				DDBE5EAB2D39508C0077E031 /* PopupViewController.xib in Resources */,
				DDFE28832D3553EA0022640C /* MusicPlayViewController.xib in Resources */,
				DDDD5B592D0956950060FC61 /* Base in Resources */,
				DD47CE122D2849A70033D531 /* AlbumViewCell.xib in Resources */,
				DDDD5B542D0956930060FC61 /* Base in Resources */,
				DDA9032F2D2BF74500BE8DC7 /* CreatePlaylistController.xib in Resources */,
				DDFE287F2D350AED0022640C /* DetailPlaylistViewController.xib in Resources */,
			);
			runOnlyForDeploymentPostprocessing = 0;
		};
/* End PBXResourcesBuildPhase section */

/* Begin PBXSourcesBuildPhase section */
		DDDD5B452D0956930060FC61 /* Sources */ = {
			isa = PBXSourcesBuildPhase;
			buildActionMask = 2147483647;
			files = (
				DDFE287E2D350AED0022640C /* DetailPlaylistViewController.swift in Sources */,
				DD47CE162D2854FE0033D531 /* AlbumModelResponse.swift in Sources */,
				DDFE173D2D2A1CB3009D1DFA /* HomeViewModel.swift in Sources */,
				DD47CE0F2D2841A90033D531 /* LibraryViewContoller.swift in Sources */,
				DDFE17422D2AE1B8009D1DFA /* MusicService.swift in Sources */,
				DDA9032A2D2BED2C00BE8DC7 /* LibraryViewCell.swift in Sources */,
				DD7AD1D72D37810C00F43E9A /* CustomNavigationBar.swift in Sources */,
				DDFE17402D2A3298009D1DFA /* ImageExtension.swift in Sources */,
				DD3B30222D3A71C800836FF4 /* CoreDataManager.swift in Sources */,
				DDA903272D2B9C8E00BE8DC7 /* SearchViewModel.swift in Sources */,
				DDDD5B512D0956930060FC61 /* ViewController.swift in Sources */,
				DDF99E9B2D3FDB6D0077E5C3 /* CheckBox.swift in Sources */,
				DDFE17442D2AE2A9009D1DFA /* SearchViewController.swift in Sources */,
				DDBE5EAA2D39508C0077E031 /* PopupViewController.swift in Sources */,
				DDFE28822D3553EA0022640C /* MusicPlayViewController.swift in Sources */,
				DDA9032E2D2BF74500BE8DC7 /* CreatePlaylistController.swift in Sources */,
				DDCB09252D33AEBC00C309E3 /* Spotify.xcdatamodeld in Sources */,
				DDDD5B4D2D0956930060FC61 /* AppDelegate.swift in Sources */,
				DD47CE132D2849A70033D531 /* AlbumViewCell.swift in Sources */,
				DD3B30272D3A798A00836FF4 /* PlaylistEntity+CoreDataClass.swift in Sources */,
				DD3B30282D3A798A00836FF4 /* PlaylistEntity+CoreDataProperties.swift in Sources */,
				DDF99E992D3FD9300077E5C3 /* AddPlaylistViewController.swift in Sources */,
				DD3B30292D3A798A00836FF4 /* Song+CoreDataClass.swift in Sources */,
				DD3B302A2D3A798A00836FF4 /* Song+CoreDataProperties.swift in Sources */,
				DD47CE192D2855930033D531 /* NetworkManager.swift in Sources */,
				DD47CE1B2D2857690033D531 /* AlbumService.swift in Sources */,
				DDDD5B4F2D0956930060FC61 /* SceneDelegate.swift in Sources */,
			);
			runOnlyForDeploymentPostprocessing = 0;
		};
/* End PBXSourcesBuildPhase section */

/* Begin PBXVariantGroup section */
		DDDD5B522D0956930060FC61 /* Main.storyboard */ = {
			isa = PBXVariantGroup;
			children = (
				DDDD5B532D0956930060FC61 /* Base */,
			);
			name = Main.storyboard;
			sourceTree = "<group>";
		};
		DDDD5B572D0956950060FC61 /* LaunchScreen.storyboard */ = {
			isa = PBXVariantGroup;
			children = (
				DDDD5B582D0956950060FC61 /* Base */,
			);
			name = LaunchScreen.storyboard;
			sourceTree = "<group>";
		};
/* End PBXVariantGroup section */

/* Begin XCBuildConfiguration section */
		DDDD5B5B2D0956950060FC61 /* Debug */ = {
			isa = XCBuildConfiguration;
			buildSettings = {
				ALWAYS_SEARCH_USER_PATHS = NO;
				ASSETCATALOG_COMPILER_GENERATE_SWIFT_ASSET_SYMBOL_EXTENSIONS = YES;
				CLANG_ANALYZER_NONNULL = YES;
				CLANG_ANALYZER_NUMBER_OBJECT_CONVERSION = YES_AGGRESSIVE;
				CLANG_CXX_LANGUAGE_STANDARD = "gnu++20";
				CLANG_ENABLE_MODULES = YES;
				CLANG_ENABLE_OBJC_ARC = YES;
				CLANG_ENABLE_OBJC_WEAK = YES;
				CLANG_WARN_BLOCK_CAPTURE_AUTORELEASING = YES;
				CLANG_WARN_BOOL_CONVERSION = YES;
				CLANG_WARN_COMMA = YES;
				CLANG_WARN_CONSTANT_CONVERSION = YES;
				CLANG_WARN_DEPRECATED_OBJC_IMPLEMENTATIONS = YES;
				CLANG_WARN_DIRECT_OBJC_ISA_USAGE = YES_ERROR;
				CLANG_WARN_DOCUMENTATION_COMMENTS = YES;
				CLANG_WARN_EMPTY_BODY = YES;
				CLANG_WARN_ENUM_CONVERSION = YES;
				CLANG_WARN_INFINITE_RECURSION = YES;
				CLANG_WARN_INT_CONVERSION = YES;
				CLANG_WARN_NON_LITERAL_NULL_CONVERSION = YES;
				CLANG_WARN_OBJC_IMPLICIT_RETAIN_SELF = YES;
				CLANG_WARN_OBJC_LITERAL_CONVERSION = YES;
				CLANG_WARN_OBJC_ROOT_CLASS = YES_ERROR;
				CLANG_WARN_QUOTED_INCLUDE_IN_FRAMEWORK_HEADER = YES;
				CLANG_WARN_RANGE_LOOP_ANALYSIS = YES;
				CLANG_WARN_STRICT_PROTOTYPES = YES;
				CLANG_WARN_SUSPICIOUS_MOVE = YES;
				CLANG_WARN_UNGUARDED_AVAILABILITY = YES_AGGRESSIVE;
				CLANG_WARN_UNREACHABLE_CODE = YES;
				CLANG_WARN__DUPLICATE_METHOD_MATCH = YES;
				COPY_PHASE_STRIP = NO;
				DEBUG_INFORMATION_FORMAT = dwarf;
				ENABLE_STRICT_OBJC_MSGSEND = YES;
				ENABLE_TESTABILITY = YES;
				ENABLE_USER_SCRIPT_SANDBOXING = YES;
				GCC_C_LANGUAGE_STANDARD = gnu17;
				GCC_DYNAMIC_NO_PIC = NO;
				GCC_NO_COMMON_BLOCKS = YES;
				GCC_OPTIMIZATION_LEVEL = 0;
				GCC_PREPROCESSOR_DEFINITIONS = (
					"DEBUG=1",
					"$(inherited)",
				);
				GCC_WARN_64_TO_32_BIT_CONVERSION = YES;
				GCC_WARN_ABOUT_RETURN_TYPE = YES_ERROR;
				GCC_WARN_UNDECLARED_SELECTOR = YES;
				GCC_WARN_UNINITIALIZED_AUTOS = YES_AGGRESSIVE;
				GCC_WARN_UNUSED_FUNCTION = YES;
				GCC_WARN_UNUSED_VARIABLE = YES;
				IPHONEOS_DEPLOYMENT_TARGET = 17.5;
				LOCALIZATION_PREFERS_STRING_CATALOGS = YES;
				MTL_ENABLE_DEBUG_INFO = INCLUDE_SOURCE;
				MTL_FAST_MATH = YES;
				ONLY_ACTIVE_ARCH = YES;
				SDKROOT = iphoneos;
				SWIFT_ACTIVE_COMPILATION_CONDITIONS = "DEBUG $(inherited)";
				SWIFT_OPTIMIZATION_LEVEL = "-Onone";
			};
			name = Debug;
		};
		DDDD5B5C2D0956950060FC61 /* Release */ = {
			isa = XCBuildConfiguration;
			buildSettings = {
				ALWAYS_SEARCH_USER_PATHS = NO;
				ASSETCATALOG_COMPILER_GENERATE_SWIFT_ASSET_SYMBOL_EXTENSIONS = YES;
				CLANG_ANALYZER_NONNULL = YES;
				CLANG_ANALYZER_NUMBER_OBJECT_CONVERSION = YES_AGGRESSIVE;
				CLANG_CXX_LANGUAGE_STANDARD = "gnu++20";
				CLANG_ENABLE_MODULES = YES;
				CLANG_ENABLE_OBJC_ARC = YES;
				CLANG_ENABLE_OBJC_WEAK = YES;
				CLANG_WARN_BLOCK_CAPTURE_AUTORELEASING = YES;
				CLANG_WARN_BOOL_CONVERSION = YES;
				CLANG_WARN_COMMA = YES;
				CLANG_WARN_CONSTANT_CONVERSION = YES;
				CLANG_WARN_DEPRECATED_OBJC_IMPLEMENTATIONS = YES;
				CLANG_WARN_DIRECT_OBJC_ISA_USAGE = YES_ERROR;
				CLANG_WARN_DOCUMENTATION_COMMENTS = YES;
				CLANG_WARN_EMPTY_BODY = YES;
				CLANG_WARN_ENUM_CONVERSION = YES;
				CLANG_WARN_INFINITE_RECURSION = YES;
				CLANG_WARN_INT_CONVERSION = YES;
				CLANG_WARN_NON_LITERAL_NULL_CONVERSION = YES;
				CLANG_WARN_OBJC_IMPLICIT_RETAIN_SELF = YES;
				CLANG_WARN_OBJC_LITERAL_CONVERSION = YES;
				CLANG_WARN_OBJC_ROOT_CLASS = YES_ERROR;
				CLANG_WARN_QUOTED_INCLUDE_IN_FRAMEWORK_HEADER = YES;
				CLANG_WARN_RANGE_LOOP_ANALYSIS = YES;
				CLANG_WARN_STRICT_PROTOTYPES = YES;
				CLANG_WARN_SUSPICIOUS_MOVE = YES;
				CLANG_WARN_UNGUARDED_AVAILABILITY = YES_AGGRESSIVE;
				CLANG_WARN_UNREACHABLE_CODE = YES;
				CLANG_WARN__DUPLICATE_METHOD_MATCH = YES;
				COPY_PHASE_STRIP = NO;
				DEBUG_INFORMATION_FORMAT = "dwarf-with-dsym";
				ENABLE_NS_ASSERTIONS = NO;
				ENABLE_STRICT_OBJC_MSGSEND = YES;
				ENABLE_USER_SCRIPT_SANDBOXING = YES;
				GCC_C_LANGUAGE_STANDARD = gnu17;
				GCC_NO_COMMON_BLOCKS = YES;
				GCC_WARN_64_TO_32_BIT_CONVERSION = YES;
				GCC_WARN_ABOUT_RETURN_TYPE = YES_ERROR;
				GCC_WARN_UNDECLARED_SELECTOR = YES;
				GCC_WARN_UNINITIALIZED_AUTOS = YES_AGGRESSIVE;
				GCC_WARN_UNUSED_FUNCTION = YES;
				GCC_WARN_UNUSED_VARIABLE = YES;
				IPHONEOS_DEPLOYMENT_TARGET = 17.5;
				LOCALIZATION_PREFERS_STRING_CATALOGS = YES;
				MTL_ENABLE_DEBUG_INFO = NO;
				MTL_FAST_MATH = YES;
				SDKROOT = iphoneos;
				SWIFT_COMPILATION_MODE = wholemodule;
				VALIDATE_PRODUCT = YES;
			};
			name = Release;
		};
		DDDD5B5E2D0956950060FC61 /* Debug */ = {
			isa = XCBuildConfiguration;
			buildSettings = {
				ASSETCATALOG_COMPILER_APPICON_NAME = AppIcon;
				ASSETCATALOG_COMPILER_GLOBAL_ACCENT_COLOR_NAME = AccentColor;
				CODE_SIGN_STYLE = Automatic;
				CURRENT_PROJECT_VERSION = 1;
				DEVELOPMENT_TEAM = LUN7S66RTN;
				GENERATE_INFOPLIST_FILE = YES;
				INFOPLIST_FILE = Spotify/Info.plist;
				INFOPLIST_KEY_UIApplicationSupportsIndirectInputEvents = YES;
				INFOPLIST_KEY_UILaunchStoryboardName = LaunchScreen;
				INFOPLIST_KEY_UIMainStoryboardFile = Main;
				INFOPLIST_KEY_UISupportedInterfaceOrientations_iPad = "UIInterfaceOrientationPortrait UIInterfaceOrientationPortraitUpsideDown UIInterfaceOrientationLandscapeLeft UIInterfaceOrientationLandscapeRight";
				INFOPLIST_KEY_UISupportedInterfaceOrientations_iPhone = "UIInterfaceOrientationPortrait UIInterfaceOrientationLandscapeLeft UIInterfaceOrientationLandscapeRight";
				IPHONEOS_DEPLOYMENT_TARGET = 14.0;
				LD_RUNPATH_SEARCH_PATHS = (
					"$(inherited)",
					"@executable_path/Frameworks",
				);
				MARKETING_VERSION = 1.0;
				PRODUCT_BUNDLE_IDENTIFIER = com.dwistari.Spotify;
				PRODUCT_NAME = "$(TARGET_NAME)";
				SWIFT_EMIT_LOC_STRINGS = YES;
				SWIFT_VERSION = 5.0;
				TARGETED_DEVICE_FAMILY = "1,2";
			};
			name = Debug;
		};
		DDDD5B5F2D0956950060FC61 /* Release */ = {
			isa = XCBuildConfiguration;
			buildSettings = {
				ASSETCATALOG_COMPILER_APPICON_NAME = AppIcon;
				ASSETCATALOG_COMPILER_GLOBAL_ACCENT_COLOR_NAME = AccentColor;
				CODE_SIGN_STYLE = Automatic;
				CURRENT_PROJECT_VERSION = 1;
				DEVELOPMENT_TEAM = LUN7S66RTN;
				GENERATE_INFOPLIST_FILE = YES;
				INFOPLIST_FILE = Spotify/Info.plist;
				INFOPLIST_KEY_UIApplicationSupportsIndirectInputEvents = YES;
				INFOPLIST_KEY_UILaunchStoryboardName = LaunchScreen;
				INFOPLIST_KEY_UIMainStoryboardFile = Main;
				INFOPLIST_KEY_UISupportedInterfaceOrientations_iPad = "UIInterfaceOrientationPortrait UIInterfaceOrientationPortraitUpsideDown UIInterfaceOrientationLandscapeLeft UIInterfaceOrientationLandscapeRight";
				INFOPLIST_KEY_UISupportedInterfaceOrientations_iPhone = "UIInterfaceOrientationPortrait UIInterfaceOrientationLandscapeLeft UIInterfaceOrientationLandscapeRight";
				IPHONEOS_DEPLOYMENT_TARGET = 14.0;
				LD_RUNPATH_SEARCH_PATHS = (
					"$(inherited)",
					"@executable_path/Frameworks",
				);
				MARKETING_VERSION = 1.0;
				PRODUCT_BUNDLE_IDENTIFIER = com.dwistari.Spotify;
				PRODUCT_NAME = "$(TARGET_NAME)";
				SWIFT_EMIT_LOC_STRINGS = YES;
				SWIFT_VERSION = 5.0;
				TARGETED_DEVICE_FAMILY = "1,2";
			};
			name = Release;
		};
/* End XCBuildConfiguration section */

/* Begin XCConfigurationList section */
		DDDD5B442D0956930060FC61 /* Build configuration list for PBXProject "Spotify" */ = {
			isa = XCConfigurationList;
			buildConfigurations = (
				DDDD5B5B2D0956950060FC61 /* Debug */,
				DDDD5B5C2D0956950060FC61 /* Release */,
			);
			defaultConfigurationIsVisible = 0;
			defaultConfigurationName = Release;
		};
		DDDD5B5D2D0956950060FC61 /* Build configuration list for PBXNativeTarget "Spotify" */ = {
			isa = XCConfigurationList;
			buildConfigurations = (
				DDDD5B5E2D0956950060FC61 /* Debug */,
				DDDD5B5F2D0956950060FC61 /* Release */,
			);
			defaultConfigurationIsVisible = 0;
			defaultConfigurationName = Release;
		};
/* End XCConfigurationList section */

/* Begin XCVersionGroup section */
		DDCB09232D33AEBC00C309E3 /* Spotify.xcdatamodeld */ = {
			isa = XCVersionGroup;
			children = (
				DDCB09242D33AEBC00C309E3 /* Spotify.xcdatamodel */,
			);
			currentVersion = DDCB09242D33AEBC00C309E3 /* Spotify.xcdatamodel */;
			name = Spotify.xcdatamodeld;
			path = /Users/dwistari/Documents/Development/iOS/Spotify/Spotify/LocalData/Spotify.xcdatamodeld;
			sourceTree = "<group>";
			versionGroupType = wrapper.xcdatamodel;
		};
/* End XCVersionGroup section */
	};
	rootObject = DDDD5B412D0956930060FC61 /* Project object */;
}
